
Microsoft Visual Studio Solution File, Format Version 11.00
# Visual Studio 2010
Project("{8BC9CEB8-8B4A-11D0-8D11-00A0C91BC942}") = "Dump", "Dump\Dump.vcxproj", "{EC1AD107-FBE3-4A9F-802D-43C7E0221008}"
EndProject
Global
	GlobalSection(SolutionConfigurationPlatforms) = preSolution
		Debug|Win32 = Debug|Win32
		Release|Win32 = Release|Win32
	EndGlobalSection
	GlobalSection(ProjectConfigurationPlatforms) = postSolution
		{EC1AD107-FBE3-4A9F-802D-43C7E0221008}.Debug|Win32.ActiveCfg = Debug|Win32
		{EC1AD107-FBE3-4A9F-802D-43C7E0221008}.Debug|Win32.Build.0 = Debug|Win32
		{EC1AD107-FBE3-4A9F-802D-43C7E0221008}.Release|Win32.ActiveCfg = Release|Win32
		{EC1AD107-FBE3-4A9F-802D-43C7E0221008}.Release|Win32.Build.0 = Release|Win32
	EndGlobalSection
	GlobalSection(SolutionProperties) = preSolution
		HideSolutionNode = FALSE
	EndGlobalSection
EndGlobal
