
Microsoft Visual Studio Solution File, Format Version 11.00
# Visual Studio 2010
Project("{8BC9CEB8-8B4A-11D0-8D11-00A0C91BC942}") = "BI", "BI\BI.vcxproj", "{0C0678EC-6650-4B75-93E6-D50F1FC7D04A}"
EndProject
Global
	GlobalSection(SolutionConfigurationPlatforms) = preSolution
		Debug|Win32 = Debug|Win32
		Release|Win32 = Release|Win32
	EndGlobalSection
	GlobalSection(ProjectConfigurationPlatforms) = postSolution
		{0C0678EC-6650-4B75-93E6-D50F1FC7D04A}.Debug|Win32.ActiveCfg = Debug|Win32
		{0C0678EC-6650-4B75-93E6-D50F1FC7D04A}.Debug|Win32.Build.0 = Debug|Win32
		{0C0678EC-6650-4B75-93E6-D50F1FC7D04A}.Release|Win32.ActiveCfg = Release|Win32
		{0C0678EC-6650-4B75-93E6-D50F1FC7D04A}.Release|Win32.Build.0 = Release|Win32
	EndGlobalSection
	GlobalSection(SolutionProperties) = preSolution
		HideSolutionNode = FALSE
	EndGlobalSection
EndGlobal
