
Microsoft Visual Studio Solution File, Format Version 11.00
# Visual Studio 2010
Project("{8BC9CEB8-8B4A-11D0-8D11-00A0C91BC942}") = "SampleDll", "SampleDll\SampleDll.vcxproj", "{1121DE57-F922-445D-84AF-4B60F6617A8D}"
EndProject
Global
	GlobalSection(SolutionConfigurationPlatforms) = preSolution
		Debug|Win32 = Debug|Win32
		Release|Win32 = Release|Win32
	EndGlobalSection
	GlobalSection(ProjectConfigurationPlatforms) = postSolution
		{1121DE57-F922-445D-84AF-4B60F6617A8D}.Debug|Win32.ActiveCfg = Debug|Win32
		{1121DE57-F922-445D-84AF-4B60F6617A8D}.Debug|Win32.Build.0 = Debug|Win32
		{1121DE57-F922-445D-84AF-4B60F6617A8D}.Release|Win32.ActiveCfg = Release|Win32
		{1121DE57-F922-445D-84AF-4B60F6617A8D}.Release|Win32.Build.0 = Release|Win32
	EndGlobalSection
	GlobalSection(SolutionProperties) = preSolution
		HideSolutionNode = FALSE
	EndGlobalSection
EndGlobal
